
Microsoft Visual Studio Solution File, Format Version 12.00
# Visual Studio 15
VisualStudioVersion = 15.0.28307.1062
MinimumVisualStudioVersion = 10.0.40219.1
Project("{FAE04EC0-301F-11D3-BF4B-00C04F79EFBC}") = "CleanArchitectureSample", "CleanArchitectureSample\CleanArchitectureSample.csproj", "{B8ED4D53-4D61-42DC-B1BC-6DD88AD7333D}"
EndProject
Global
	GlobalSection(SolutionConfigurationPlatforms) = preSolution
		Debug|Any CPU = Debug|Any CPU
		Release|Any CPU = Release|Any CPU
	EndGlobalSection
	GlobalSection(ProjectConfigurationPlatforms) = postSolution
		{B8ED4D53-4D61-42DC-B1BC-6DD88AD7333D}.Debug|Any CPU.ActiveCfg = Debug|Any CPU
		{B8ED4D53-4D61-42DC-B1BC-6DD88AD7333D}.Debug|Any CPU.Build.0 = Debug|Any CPU
		{B8ED4D53-4D61-42DC-B1BC-6DD88AD7333D}.Release|Any CPU.ActiveCfg = Release|Any CPU
		{B8ED4D53-4D61-42DC-B1BC-6DD88AD7333D}.Release|Any CPU.Build.0 = Release|Any CPU
	EndGlobalSection
	GlobalSection(SolutionProperties) = preSolution
		HideSolutionNode = FALSE
	EndGlobalSection
	GlobalSection(ExtensibilityGlobals) = postSolution
		SolutionGuid = {05AA53AF-ABAC-418F-86A9-4ADE265F9D11}
	EndGlobalSection
EndGlobal
